
Microsoft Visual Studio Solution File, Format Version 12.00
# Visual Studio 15
VisualStudioVersion = 15.0.28010.2036
MinimumVisualStudioVersion = 10.0.40219.1
Project("{FAE04EC0-301F-11D3-BF4B-00C04F79EFBC}") = "Exam2", "Exam2\Exam2.csproj", "{848AB8A5-B9D5-4178-B95B-86528B42542C}"
EndProject
Global
	GlobalSection(SolutionConfigurationPlatforms) = preSolution
		Debug|Any CPU = Debug|Any CPU
		Release|Any CPU = Release|Any CPU
	EndGlobalSection
	GlobalSection(ProjectConfigurationPlatforms) = postSolution
		{848AB8A5-B9D5-4178-B95B-86528B42542C}.Debug|Any CPU.ActiveCfg = Debug|Any CPU
		{848AB8A5-B9D5-4178-B95B-86528B42542C}.Debug|Any CPU.Build.0 = Debug|Any CPU
		{848AB8A5-B9D5-4178-B95B-86528B42542C}.Release|Any CPU.ActiveCfg = Release|Any CPU
		{848AB8A5-B9D5-4178-B95B-86528B42542C}.Release|Any CPU.Build.0 = Release|Any CPU
	EndGlobalSection
	GlobalSection(SolutionProperties) = preSolution
		HideSolutionNode = FALSE
	EndGlobalSection
	GlobalSection(ExtensibilityGlobals) = postSolution
		SolutionGuid = {F752D031-D3A5-48B7-9F9F-B24F59F96243}
	EndGlobalSection
EndGlobal
